{
  "name": "@thegrommet/statuspage",
  "version": "1.0.0",
  "lockfileVersion": 1,
  "requires": true,
  "dependencies": {
    "@thegrommet/m2css": {
      "version": "1.0.0",
      "resolved": "https://registry.npmjs.org/@thegrommet/m2css/-/m2css-1.0.0.tgz",
      "integrity": "sha512-Mn2A1iU9uHESYJquB9g0ehgrOTsHxiN9nRQblW2yzvPtpNaW9HCv0VvcXSXxZ0Y1l0asmnzK6OlNfH/e9yln6A=="
    }
  }
}
